
Microsoft Visual Studio Solution File, Format Version 12.00
# Visual Studio Version 17
VisualStudioVersion = 17.1.32407.343
MinimumVisualStudioVersion = 10.0.40219.1
Project("{FAE04EC0-301F-11D3-BF4B-00C04F79EFBC}") = "CustomerApi", "CustomerApi\CustomerApi.csproj", "{FC12D96F-489A-4140-B388-BE0CA1706FBA}"
EndProject
Global
	GlobalSection(SolutionConfigurationPlatforms) = preSolution
		Debug|Any CPU = Debug|Any CPU
		Release|Any CPU = Release|Any CPU
	EndGlobalSection
	GlobalSection(ProjectConfigurationPlatforms) = postSolution
		{FC12D96F-489A-4140-B388-BE0CA1706FBA}.Debug|Any CPU.ActiveCfg = Debug|Any CPU
		{FC12D96F-489A-4140-B388-BE0CA1706FBA}.Debug|Any CPU.Build.0 = Debug|Any CPU
		{FC12D96F-489A-4140-B388-BE0CA1706FBA}.Release|Any CPU.ActiveCfg = Release|Any CPU
		{FC12D96F-489A-4140-B388-BE0CA1706FBA}.Release|Any CPU.Build.0 = Release|Any CPU
	EndGlobalSection
	GlobalSection(SolutionProperties) = preSolution
		HideSolutionNode = FALSE
	EndGlobalSection
	GlobalSection(ExtensibilityGlobals) = postSolution
		SolutionGuid = {C0F8E331-3030-464D-BBE7-A6BA65BA4828}
	EndGlobalSection
EndGlobal
